
Microsoft Visual Studio Solution File, Format Version 12.00
# Visual Studio Version 16
VisualStudioVersion = 16.0.30517.126
MinimumVisualStudioVersion = 10.0.40219.1
Project("{FAE04EC0-301F-11D3-BF4B-00C04F79EFBC}") = "1.Threads.WindowsFormsApp", "1.Threads.WindowsFormsApp\1.Threads.WindowsFormsApp.csproj", "{F277989C-EB3E-4B5D-B2EB-EC43AB6C3DEE}"
EndProject
Project("{FAE04EC0-301F-11D3-BF4B-00C04F79EFBC}") = "2.ThreadPools.WindowsFormsApp", "2.ThreadPools.WindowsFormsApp\2.ThreadPools.WindowsFormsApp.csproj", "{BAEF6011-AA8D-4BE8-96BD-B3308DD83595}"
EndProject
Project("{FAE04EC0-301F-11D3-BF4B-00C04F79EFBC}") = "3.Tasks.WindowsFormsApp", "3.Tasks.WindowsFormsApp\3.Tasks.WindowsFormsApp.csproj", "{0B1D5C9D-3B32-441D-81D9-CAE1D2D8015B}"
EndProject
Global
	GlobalSection(SolutionConfigurationPlatforms) = preSolution
		Debug|Any CPU = Debug|Any CPU
		Release|Any CPU = Release|Any CPU
	EndGlobalSection
	GlobalSection(ProjectConfigurationPlatforms) = postSolution
		{F277989C-EB3E-4B5D-B2EB-EC43AB6C3DEE}.Debug|Any CPU.ActiveCfg = Debug|Any CPU
		{F277989C-EB3E-4B5D-B2EB-EC43AB6C3DEE}.Debug|Any CPU.Build.0 = Debug|Any CPU
		{F277989C-EB3E-4B5D-B2EB-EC43AB6C3DEE}.Release|Any CPU.ActiveCfg = Release|Any CPU
		{F277989C-EB3E-4B5D-B2EB-EC43AB6C3DEE}.Release|Any CPU.Build.0 = Release|Any CPU
		{BAEF6011-AA8D-4BE8-96BD-B3308DD83595}.Debug|Any CPU.ActiveCfg = Debug|Any CPU
		{BAEF6011-AA8D-4BE8-96BD-B3308DD83595}.Debug|Any CPU.Build.0 = Debug|Any CPU
		{BAEF6011-AA8D-4BE8-96BD-B3308DD83595}.Release|Any CPU.ActiveCfg = Release|Any CPU
		{BAEF6011-AA8D-4BE8-96BD-B3308DD83595}.Release|Any CPU.Build.0 = Release|Any CPU
		{0B1D5C9D-3B32-441D-81D9-CAE1D2D8015B}.Debug|Any CPU.ActiveCfg = Debug|Any CPU
		{0B1D5C9D-3B32-441D-81D9-CAE1D2D8015B}.Debug|Any CPU.Build.0 = Debug|Any CPU
		{0B1D5C9D-3B32-441D-81D9-CAE1D2D8015B}.Release|Any CPU.ActiveCfg = Release|Any CPU
		{0B1D5C9D-3B32-441D-81D9-CAE1D2D8015B}.Release|Any CPU.Build.0 = Release|Any CPU
	EndGlobalSection
	GlobalSection(SolutionProperties) = preSolution
		HideSolutionNode = FALSE
	EndGlobalSection
	GlobalSection(ExtensibilityGlobals) = postSolution
		SolutionGuid = {02DA71B7-35F8-4E09-BCA1-65F584B26492}
	EndGlobalSection
EndGlobal
